// !$*UTF8*$!
{
	archiveVersion = 1;
	classes = {
	};
	objectVersion = 46;
	objects = {

/* Begin PBXBuildFile section */
		EA34588A1994B63900EC1C53 /* AppDelegate.swift in Sources */ = {isa = PBXBuildFile; fileRef = EA3458891994B63900EC1C53 /* AppDelegate.swift */; };
		EA34588C1994B63900EC1C53 /* ViewController.swift in Sources */ = {isa = PBXBuildFile; fileRef = EA34588B1994B63900EC1C53 /* ViewController.swift */; };
		EA34588F1994B63900EC1C53 /* Main.storyboard in Resources */ = {isa = PBXBuildFile; fileRef = EA34588D1994B63900EC1C53 /* Main.storyboard */; };
		EA3458911994B63900EC1C53 /* Images.xcassets in Resources */ = {isa = PBXBuildFile; fileRef = EA3458901994B63900EC1C53 /* Images.xcassets */; };
		EA34589D1994B63900EC1C53 /* QRSwiftTests.swift in Sources */ = {isa = PBXBuildFile; fileRef = EA34589C1994B63900EC1C53 /* QRSwiftTests.swift */; };
/* End PBXBuildFile section */

/* Begin PBXContainerItemProxy section */
		EA3458971994B63900EC1C53 /* PBXContainerItemProxy */ = {
			isa = PBXContainerItemProxy;
			containerPortal = EA34587C1994B63900EC1C53 /* Project object */;
			proxyType = 1;
			remoteGlobalIDString = EA3458831994B63900EC1C53;
			remoteInfo = QRSwift;
		};
/* End PBXContainerItemProxy section */

/* Begin PBXFileReference section */
		EA3458841994B63900EC1C53 /* QRSwift.app */ = {isa = PBXFileReference; explicitFileType = wrapper.application; includeInIndex = 0; path = QRSwift.app; sourceTree = BUILT_PRODUCTS_DIR; };
		EA3458881994B63900EC1C53 /* Info.plist */ = {isa = PBXFileReference; lastKnownFileType = text.plist.xml; path = Info.plist; sourceTree = "<group>"; };
		EA3458891994B63900EC1C53 /* AppDelegate.swift */ = {isa = PBXFileReference; lastKnownFileType = sourcecode.swift; path = AppDelegate.swift; sourceTree = "<group>"; };
		EA34588B1994B63900EC1C53 /* ViewController.swift */ = {isa = PBXFileReference; lastKnownFileType = sourcecode.swift; path = ViewController.swift; sourceTree = "<group>"; };
		EA34588E1994B63900EC1C53 /* Base */ = {isa = PBXFileReference; lastKnownFileType = file.storyboard; name = Base; path = Base.lproj/Main.storyboard; sourceTree = "<group>"; };
		EA3458901994B63900EC1C53 /* Images.xcassets */ = {isa = PBXFileReference; lastKnownFileType = folder.assetcatalog; path = Images.xcassets; sourceTree = "<group>"; };
		EA3458961994B63900EC1C53 /* QRSwiftTests.xctest */ = {isa = PBXFileReference; explicitFileType = wrapper.cfbundle; includeInIndex = 0; path = QRSwiftTests.xctest; sourceTree = BUILT_PRODUCTS_DIR; };
		EA34589B1994B63900EC1C53 /* Info.plist */ = {isa = PBXFileReference; lastKnownFileType = text.plist.xml; path = Info.plist; sourceTree = "<group>"; };
		EA34589C1994B63900EC1C53 /* QRSwiftTests.swift */ = {isa = PBXFileReference; lastKnownFileType = sourcecode.swift; path = QRSwiftTests.swift; sourceTree = "<group>"; };
/* End PBXFileReference section */

/* Begin PBXFrameworksBuildPhase section */
		EA3458811994B63900EC1C53 /* Frameworks */ = {
			isa = PBXFrameworksBuildPhase;
			buildActionMask = 2147483647;
			files = (
			);
			runOnlyForDeploymentPostprocessing = 0;
		};
		EA3458931994B63900EC1C53 /* Frameworks */ = {
			isa = PBXFrameworksBuildPhase;
			buildActionMask = 2147483647;
			files = (
			);
			runOnlyForDeploymentPostprocessing = 0;
		};
/* End PBXFrameworksBuildPhase section */

/* Begin PBXGroup section */
		EA34587B1994B63900EC1C53 = {
			isa = PBXGroup;
			children = (
				EA3458861994B63900EC1C53 /* QRSwift */,
				EA3458991994B63900EC1C53 /* QRSwiftTests */,
				EA3458851994B63900EC1C53 /* Products */,
			);
			sourceTree = "<group>";
		};
		EA3458851994B63900EC1C53 /* Products */ = {
			isa = PBXGroup;
			children = (
				EA3458841994B63900EC1C53 /* QRSwift.app */,
				EA3458961994B63900EC1C53 /* QRSwiftTests.xctest */,
			);
			name = Products;
			sourceTree = "<group>";
		};
		EA3458861994B63900EC1C53 /* QRSwift */ = {
			isa = PBXGroup;
			children = (
				EA3458891994B63900EC1C53 /* AppDelegate.swift */,
				EA34588B1994B63900EC1C53 /* ViewController.swift */,
				EA34588D1994B63900EC1C53 /* Main.storyboard */,
				EA3458901994B63900EC1C53 /* Images.xcassets */,
				EA3458871994B63900EC1C53 /* Supporting Files */,
			);
			path = QRSwift;
			sourceTree = "<group>";
		};
		EA3458871994B63900EC1C53 /* Supporting Files */ = {
			isa = PBXGroup;
			children = (
				EA3458881994B63900EC1C53 /* Info.plist */,
			);
			name = "Supporting Files";
			sourceTree = "<group>";
		};
		EA3458991994B63900EC1C53 /* QRSwiftTests */ = {
			isa = PBXGroup;
			children = (
				EA34589C1994B63900EC1C53 /* QRSwiftTests.swift */,
				EA34589A1994B63900EC1C53 /* Supporting Files */,
			);
			path = QRSwiftTests;
			sourceTree = "<group>";
		};
		EA34589A1994B63900EC1C53 /* Supporting Files */ = {
			isa = PBXGroup;
			children = (
				EA34589B1994B63900EC1C53 /* Info.plist */,
			);
			name = "Supporting Files";
			sourceTree = "<group>";
		};
/* End PBXGroup section */

/* Begin PBXNativeTarget section */
		EA3458831994B63900EC1C53 /* QRSwift */ = {
			isa = PBXNativeTarget;
			buildConfigurationList = EA3458A01994B63900EC1C53 /* Build configuration list for PBXNativeTarget "QRSwift" */;
			buildPhases = (
				EA3458801994B63900EC1C53 /* Sources */,
				EA3458811994B63900EC1C53 /* Frameworks */,
				EA3458821994B63900EC1C53 /* Resources */,
			);
			buildRules = (
			);
			dependencies = (
			);
			name = QRSwift;
			productName = QRSwift;
			productReference = EA3458841994B63900EC1C53 /* QRSwift.app */;
			productType = "com.apple.product-type.application";
		};
		EA3458951994B63900EC1C53 /* QRSwiftTests */ = {
			isa = PBXNativeTarget;
			buildConfigurationList = EA3458A31994B63900EC1C53 /* Build configuration list for PBXNativeTarget "QRSwiftTests" */;
			buildPhases = (
				EA3458921994B63900EC1C53 /* Sources */,
				EA3458931994B63900EC1C53 /* Frameworks */,
				EA3458941994B63900EC1C53 /* Resources */,
			);
			buildRules = (
			);
			dependencies = (
				EA3458981994B63900EC1C53 /* PBXTargetDependency */,
			);
			name = QRSwiftTests;
			productName = QRSwiftTests;
			productReference = EA3458961994B63900EC1C53 /* QRSwiftTests.xctest */;
			productType = "com.apple.product-type.bundle.unit-test";
		};
/* End PBXNativeTarget section */

/* Begin PBXProject section */
		EA34587C1994B63900EC1C53 /* Project object */ = {
			isa = PBXProject;
			attributes = {
				LastUpgradeCheck = 0600;
				ORGANIZATIONNAME = "Daan Nijkamp";
				TargetAttributes = {
					EA3458831994B63900EC1C53 = {
						CreatedOnToolsVersion = 6.0;
					};
					EA3458951994B63900EC1C53 = {
						CreatedOnToolsVersion = 6.0;
						TestTargetID = EA3458831994B63900EC1C53;
					};
				};
			};
			buildConfigurationList = EA34587F1994B63900EC1C53 /* Build configuration list for PBXProject "QRSwift" */;
			compatibilityVersion = "Xcode 3.2";
			developmentRegion = English;
			hasScannedForEncodings = 0;
			knownRegions = (
				en,
				Base,
			);
			mainGroup = EA34587B1994B63900EC1C53;
			productRefGroup = EA3458851994B63900EC1C53 /* Products */;
			projectDirPath = "";
			projectRoot = "";
			targets = (
				EA3458831994B63900EC1C53 /* QRSwift */,
				EA3458951994B63900EC1C53 /* QRSwiftTests */,
			);
		};
/* End PBXProject section */

/* Begin PBXResourcesBuildPhase section */
		EA3458821994B63900EC1C53 /* Resources */ = {
			isa = PBXResourcesBuildPhase;
			buildActionMask = 2147483647;
			files = (
				EA34588F1994B63900EC1C53 /* Main.storyboard in Resources */,
				EA3458911994B63900EC1C53 /* Images.xcassets in Resources */,
			);
			runOnlyForDeploymentPostprocessing = 0;
		};
		EA3458941994B63900EC1C53 /* Resources */ = {
			isa = PBXResourcesBuildPhase;
			buildActionMask = 2147483647;
			files = (
			);
			runOnlyForDeploymentPostprocessing = 0;
		};
/* End PBXResourcesBuildPhase section */

/* Begin PBXSourcesBuildPhase section */
		EA3458801994B63900EC1C53 /* Sources */ = {
			isa = PBXSourcesBuildPhase;
			buildActionMask = 2147483647;
			files = (
				EA34588C1994B63900EC1C53 /* ViewController.swift in Sources */,
				EA34588A1994B63900EC1C53 /* AppDelegate.swift in Sources */,
			);
			runOnlyForDeploymentPostprocessing = 0;
		};
		EA3458921994B63900EC1C53 /* Sources */ = {
			isa = PBXSourcesBuildPhase;
			buildActionMask = 2147483647;
			files = (
				EA34589D1994B63900EC1C53 /* QRSwiftTests.swift in Sources */,
			);
			runOnlyForDeploymentPostprocessing = 0;
		};
/* End PBXSourcesBuildPhase section */

/* Begin PBXTargetDependency section */
		EA3458981994B63900EC1C53 /* PBXTargetDependency */ = {
			isa = PBXTargetDependency;
			target = EA3458831994B63900EC1C53 /* QRSwift */;
			targetProxy = EA3458971994B63900EC1C53 /* PBXContainerItemProxy */;
		};
/* End PBXTargetDependency section */

/* Begin PBXVariantGroup section */
		EA34588D1994B63900EC1C53 /* Main.storyboard */ = {
			isa = PBXVariantGroup;
			children = (
				EA34588E1994B63900EC1C53 /* Base */,
			);
			name = Main.storyboard;
			sourceTree = "<group>";
		};
/* End PBXVariantGroup section */

/* Begin XCBuildConfiguration section */
		EA34589E1994B63900EC1C53 /* Debug */ = {
			isa = XCBuildConfiguration;
			buildSettings = {
				ALWAYS_SEARCH_USER_PATHS = NO;
				CLANG_CXX_LANGUAGE_STANDARD = "gnu++0x";
				CLANG_CXX_LIBRARY = "libc++";
				CLANG_ENABLE_MODULES = YES;
				CLANG_ENABLE_OBJC_ARC = YES;
				CLANG_WARN_BOOL_CONVERSION = YES;
				CLANG_WARN_CONSTANT_CONVERSION = YES;
				CLANG_WARN_DIRECT_OBJC_ISA_USAGE = YES_ERROR;
				CLANG_WARN_EMPTY_BODY = YES;
				CLANG_WARN_ENUM_CONVERSION = YES;
				CLANG_WARN_INT_CONVERSION = YES;
				CLANG_WARN_OBJC_ROOT_CLASS = YES_ERROR;
				CLANG_WARN_UNREACHABLE_CODE = YES;
				CLANG_WARN__DUPLICATE_METHOD_MATCH = YES;
				"CODE_SIGN_IDENTITY[sdk=iphoneos*]" = "iPhone Developer";
				COPY_PHASE_STRIP = NO;
				ENABLE_STRICT_OBJC_MSGSEND = YES;
				GCC_C_LANGUAGE_STANDARD = gnu99;
				GCC_DYNAMIC_NO_PIC = NO;
				GCC_OPTIMIZATION_LEVEL = 0;
				GCC_PREPROCESSOR_DEFINITIONS = (
					"DEBUG=1",
					"$(inherited)",
				);
				GCC_SYMBOLS_PRIVATE_EXTERN = NO;
				GCC_WARN_64_TO_32_BIT_CONVERSION = YES;
				GCC_WARN_ABOUT_RETURN_TYPE = YES_ERROR;
				GCC_WARN_UNDECLARED_SELECTOR = YES;
				GCC_WARN_UNINITIALIZED_AUTOS = YES_AGGRESSIVE;
				GCC_WARN_UNUSED_FUNCTION = YES;
				GCC_WARN_UNUSED_VARIABLE = YES;
				IPHONEOS_DEPLOYMENT_TARGET = 8.0;
				MTL_ENABLE_DEBUG_INFO = YES;
				ONLY_ACTIVE_ARCH = YES;
				SDKROOT = iphoneos;
				SWIFT_OPTIMIZATION_LEVEL = "-Onone";
				TARGETED_DEVICE_FAMILY = "1,2";
			};
			name = Debug;
		};
		EA34589F1994B63900EC1C53 /* Release */ = {
			isa = XCBuildConfiguration;
			buildSettings = {
				ALWAYS_SEARCH_USER_PATHS = NO;
				CLANG_CXX_LANGUAGE_STANDARD = "gnu++0x";
				CLANG_CXX_LIBRARY = "libc++";
				CLANG_ENABLE_MODULES = YES;
				CLANG_ENABLE_OBJC_ARC = YES;
				CLANG_WARN_BOOL_CONVERSION = YES;
				CLANG_WARN_CONSTANT_CONVERSION = YES;
				CLANG_WARN_DIRECT_OBJC_ISA_USAGE = YES_ERROR;
				CLANG_WARN_EMPTY_BODY = YES;
				CLANG_WARN_ENUM_CONVERSION = YES;
				CLANG_WARN_INT_CONVERSION = YES;
				CLANG_WARN_OBJC_ROOT_CLASS = YES_ERROR;
				CLANG_WARN_UNREACHABLE_CODE = YES;
				CLANG_WARN__DUPLICATE_METHOD_MATCH = YES;
				"CODE_SIGN_IDENTITY[sdk=iphoneos*]" = "iPhone Developer";
				COPY_PHASE_STRIP = YES;
				ENABLE_NS_ASSERTIONS = NO;
				ENABLE_STRICT_OBJC_MSGSEND = YES;
				GCC_C_LANGUAGE_STANDARD = gnu99;
				GCC_WARN_64_TO_32_BIT_CONVERSION = YES;
				GCC_WARN_ABOUT_RETURN_TYPE = YES_ERROR;
				GCC_WARN_UNDECLARED_SELECTOR = YES;
				GCC_WARN_UNINITIALIZED_AUTOS = YES_AGGRESSIVE;
				GCC_WARN_UNUSED_FUNCTION = YES;
				GCC_WARN_UNUSED_VARIABLE = YES;
				IPHONEOS_DEPLOYMENT_TARGET = 8.0;
				MTL_ENABLE_DEBUG_INFO = NO;
				SDKROOT = iphoneos;
				TARGETED_DEVICE_FAMILY = "1,2";
				VALIDATE_PRODUCT = YES;
			};
			name = Release;
		};
		EA3458A11994B63900EC1C53 /* Debug */ = {
			isa = XCBuildConfiguration;
			buildSettings = {
				ASSETCATALOG_COMPILER_APPICON_NAME = AppIcon;
				ASSETCATALOG_COMPILER_LAUNCHIMAGE_NAME = LaunchImage;
				INFOPLIST_FILE = QRSwift/Info.plist;
				LD_RUNPATH_SEARCH_PATHS = "$(inherited) @executable_path/Frameworks";
				PRODUCT_NAME = "$(TARGET_NAME)";
			};
			name = Debug;
		};
		EA3458A21994B63900EC1C53 /* Release */ = {
			isa = XCBuildConfiguration;
			buildSettings = {
				ASSETCATALOG_COMPILER_APPICON_NAME = AppIcon;
				ASSETCATALOG_COMPILER_LAUNCHIMAGE_NAME = LaunchImage;
				INFOPLIST_FILE = QRSwift/Info.plist;
				LD_RUNPATH_SEARCH_PATHS = "$(inherited) @executable_path/Frameworks";
				PRODUCT_NAME = "$(TARGET_NAME)";
			};
			name = Release;
		};
		EA3458A41994B63900EC1C53 /* Debug */ = {
			isa = XCBuildConfiguration;
			buildSettings = {
				BUNDLE_LOADER = "$(TEST_HOST)";
				FRAMEWORK_SEARCH_PATHS = (
					"$(SDKROOT)/Developer/Library/Frameworks",
					"$(inherited)",
				);
				GCC_PREPROCESSOR_DEFINITIONS = (
					"DEBUG=1",
					"$(inherited)",
				);
				INFOPLIST_FILE = QRSwiftTests/Info.plist;
				LD_RUNPATH_SEARCH_PATHS = "$(inherited) @executable_path/Frameworks @loader_path/Frameworks";
				PRODUCT_NAME = "$(TARGET_NAME)";
				TEST_HOST = "$(BUILT_PRODUCTS_DIR)/QRSwift.app/QRSwift";
			};
			name = Debug;
		};
		EA3458A51994B63900EC1C53 /* Release */ = {
			isa = XCBuildConfiguration;
			buildSettings = {
				BUNDLE_LOADER = "$(TEST_HOST)";
				FRAMEWORK_SEARCH_PATHS = (
					"$(SDKROOT)/Developer/Library/Frameworks",
					"$(inherited)",
				);
				INFOPLIST_FILE = QRSwiftTests/Info.plist;
				LD_RUNPATH_SEARCH_PATHS = "$(inherited) @executable_path/Frameworks @loader_path/Frameworks";
				PRODUCT_NAME = "$(TARGET_NAME)";
				TEST_HOST = "$(BUILT_PRODUCTS_DIR)/QRSwift.app/QRSwift";
			};
			name = Release;
		};
/* End XCBuildConfiguration section */

/* Begin XCConfigurationList section */
		EA34587F1994B63900EC1C53 /* Build configuration list for PBXProject "QRSwift" */ = {
			isa = XCConfigurationList;
			buildConfigurations = (
				EA34589E1994B63900EC1C53 /* Debug */,
				EA34589F1994B63900EC1C53 /* Release */,
			);
			defaultConfigurationIsVisible = 0;
			defaultConfigurationName = Release;
		};
		EA3458A01994B63900EC1C53 /* Build configuration list for PBXNativeTarget "QRSwift" */ = {
			isa = XCConfigurationList;
			buildConfigurations = (
				EA3458A11994B63900EC1C53 /* Debug */,
				EA3458A21994B63900EC1C53 /* Release */,
			);
			defaultConfigurationIsVisible = 0;
		};
		EA3458A31994B63900EC1C53 /* Build configuration list for PBXNativeTarget "QRSwiftTests" */ = {
			isa = XCConfigurationList;
			buildConfigurations = (
				EA3458A41994B63900EC1C53 /* Debug */,
				EA3458A51994B63900EC1C53 /* Release */,
			);
			defaultConfigurationIsVisible = 0;
		};
/* End XCConfigurationList section */
	};
	rootObject = EA34587C1994B63900EC1C53 /* Project object */;
}
